
Microsoft Visual Studio Solution File, Format Version 12.00
# Visual Studio 15
VisualStudioVersion = 15.0.27703.2035
MinimumVisualStudioVersion = 10.0.40219.1
Project("{FAE04EC0-301F-11D3-BF4B-00C04F79EFBC}") = "App8_Estilo.Android", "App8_Estilo\App8_Estilo.Android\App8_Estilo.Android.csproj", "{BAAE6F98-CC1E-4DE1-950C-92273B58E0DA}"
EndProject
Project("{FAE04EC0-301F-11D3-BF4B-00C04F79EFBC}") = "App8_Estilo.iOS", "App8_Estilo\App8_Estilo.iOS\App8_Estilo.iOS.csproj", "{62FAFCB0-8FBE-4263-AB2C-79D1C7422B56}"
EndProject
Project("{FAE04EC0-301F-11D3-BF4B-00C04F79EFBC}") = "App8_Estilo.UWP", "App8_Estilo\App8_Estilo.UWP\App8_Estilo.UWP.csproj", "{A89FD950-318C-4888-BDCB-9986675D8B37}"
EndProject
Project("{FAE04EC0-301F-11D3-BF4B-00C04F79EFBC}") = "App8_Estilo", "App8_Estilo\App8_Estilo\App8_Estilo.csproj", "{D9D5A698-85D5-4724-9453-37D87FEBEF68}"
EndProject
Global
	GlobalSection(SolutionConfigurationPlatforms) = preSolution
		Ad-Hoc|Any CPU = Ad-Hoc|Any CPU
		Ad-Hoc|ARM = Ad-Hoc|ARM
		Ad-Hoc|iPhone = Ad-Hoc|iPhone
		Ad-Hoc|iPhoneSimulator = Ad-Hoc|iPhoneSimulator
		Ad-Hoc|x64 = Ad-Hoc|x64
		Ad-Hoc|x86 = Ad-Hoc|x86
		AppStore|Any CPU = AppStore|Any CPU
		AppStore|ARM = AppStore|ARM
		AppStore|iPhone = AppStore|iPhone
		AppStore|iPhoneSimulator = AppStore|iPhoneSimulator
		AppStore|x64 = AppStore|x64
		AppStore|x86 = AppStore|x86
		Debug|Any CPU = Debug|Any CPU
		Debug|ARM = Debug|ARM
		Debug|iPhone = Debug|iPhone
		Debug|iPhoneSimulator = Debug|iPhoneSimulator
		Debug|x64 = Debug|x64
		Debug|x86 = Debug|x86
		Release|Any CPU = Release|Any CPU
		Release|ARM = Release|ARM
		Release|iPhone = Release|iPhone
		Release|iPhoneSimulator = Release|iPhoneSimulator
		Release|x64 = Release|x64
		Release|x86 = Release|x86
	EndGlobalSection
	GlobalSection(ProjectConfigurationPlatforms) = postSolution
		{BAAE6F98-CC1E-4DE1-950C-92273B58E0DA}.Ad-Hoc|Any CPU.ActiveCfg = Release|Any CPU
		{BAAE6F98-CC1E-4DE1-950C-92273B58E0DA}.Ad-Hoc|Any CPU.Build.0 = Release|Any CPU
		{BAAE6F98-CC1E-4DE1-950C-92273B58E0DA}.Ad-Hoc|Any CPU.Deploy.0 = Release|Any CPU
		{BAAE6F98-CC1E-4DE1-950C-92273B58E0DA}.Ad-Hoc|ARM.ActiveCfg = Release|Any CPU
		{BAAE6F98-CC1E-4DE1-950C-92273B58E0DA}.Ad-Hoc|ARM.Build.0 = Release|Any CPU
		{BAAE6F98-CC1E-4DE1-950C-92273B58E0DA}.Ad-Hoc|ARM.Deploy.0 = Release|Any CPU
		{BAAE6F98-CC1E-4DE1-950C-92273B58E0DA}.Ad-Hoc|iPhone.ActiveCfg = Release|Any CPU
		{BAAE6F98-CC1E-4DE1-950C-92273B58E0DA}.Ad-Hoc|iPhone.Build.0 = Release|Any CPU
		{BAAE6F98-CC1E-4DE1-950C-92273B58E0DA}.Ad-Hoc|iPhone.Deploy.0 = Release|Any CPU
		{BAAE6F98-CC1E-4DE1-950C-92273B58E0DA}.Ad-Hoc|iPhoneSimulator.ActiveCfg = Release|Any CPU
		{BAAE6F98-CC1E-4DE1-950C-92273B58E0DA}.Ad-Hoc|iPhoneSimulator.Build.0 = Release|Any CPU
		{BAAE6F98-CC1E-4DE1-950C-92273B58E0DA}.Ad-Hoc|iPhoneSimulator.Deploy.0 = Release|Any CPU
		{BAAE6F98-CC1E-4DE1-950C-92273B58E0DA}.Ad-Hoc|x64.ActiveCfg = Release|Any CPU
		{BAAE6F98-CC1E-4DE1-950C-92273B58E0DA}.Ad-Hoc|x64.Build.0 = Release|Any CPU
		{BAAE6F98-CC1E-4DE1-950C-92273B58E0DA}.Ad-Hoc|x64.Deploy.0 = Release|Any CPU
		{BAAE6F98-CC1E-4DE1-950C-92273B58E0DA}.Ad-Hoc|x86.ActiveCfg = Release|Any CPU
		{BAAE6F98-CC1E-4DE1-950C-92273B58E0DA}.Ad-Hoc|x86.Build.0 = Release|Any CPU
		{BAAE6F98-CC1E-4DE1-950C-92273B58E0DA}.Ad-Hoc|x86.Deploy.0 = Release|Any CPU
		{BAAE6F98-CC1E-4DE1-950C-92273B58E0DA}.AppStore|Any CPU.ActiveCfg = Release|Any CPU
		{BAAE6F98-CC1E-4DE1-950C-92273B58E0DA}.AppStore|Any CPU.Build.0 = Release|Any CPU
		{BAAE6F98-CC1E-4DE1-950C-92273B58E0DA}.AppStore|Any CPU.Deploy.0 = Release|Any CPU
		{BAAE6F98-CC1E-4DE1-950C-92273B58E0DA}.AppStore|ARM.ActiveCfg = Release|Any CPU
		{BAAE6F98-CC1E-4DE1-950C-92273B58E0DA}.AppStore|ARM.Build.0 = Release|Any CPU
		{BAAE6F98-CC1E-4DE1-950C-92273B58E0DA}.AppStore|ARM.Deploy.0 = Release|Any CPU
		{BAAE6F98-CC1E-4DE1-950C-92273B58E0DA}.AppStore|iPhone.ActiveCfg = Release|Any CPU
		{BAAE6F98-CC1E-4DE1-950C-92273B58E0DA}.AppStore|iPhone.Build.0 = Release|Any CPU
		{BAAE6F98-CC1E-4DE1-950C-92273B58E0DA}.AppStore|iPhone.Deploy.0 = Release|Any CPU
		{BAAE6F98-CC1E-4DE1-950C-92273B58E0DA}.AppStore|iPhoneSimulator.ActiveCfg = Release|Any CPU
		{BAAE6F98-CC1E-4DE1-950C-92273B58E0DA}.AppStore|iPhoneSimulator.Build.0 = Release|Any CPU
		{BAAE6F98-CC1E-4DE1-950C-92273B58E0DA}.AppStore|iPhoneSimulator.Deploy.0 = Release|Any CPU
		{BAAE6F98-CC1E-4DE1-950C-92273B58E0DA}.AppStore|x64.ActiveCfg = Release|Any CPU
		{BAAE6F98-CC1E-4DE1-950C-92273B58E0DA}.AppStore|x64.Build.0 = Release|Any CPU
		{BAAE6F98-CC1E-4DE1-950C-92273B58E0DA}.AppStore|x64.Deploy.0 = Release|Any CPU
		{BAAE6F98-CC1E-4DE1-950C-92273B58E0DA}.AppStore|x86.ActiveCfg = Release|Any CPU
		{BAAE6F98-CC1E-4DE1-950C-92273B58E0DA}.AppStore|x86.Build.0 = Release|Any CPU
		{BAAE6F98-CC1E-4DE1-950C-92273B58E0DA}.AppStore|x86.Deploy.0 = Release|Any CPU
		{BAAE6F98-CC1E-4DE1-950C-92273B58E0DA}.Debug|Any CPU.ActiveCfg = Debug|Any CPU
		{BAAE6F98-CC1E-4DE1-950C-92273B58E0DA}.Debug|Any CPU.Build.0 = Debug|Any CPU
		{BAAE6F98-CC1E-4DE1-950C-92273B58E0DA}.Debug|Any CPU.Deploy.0 = Debug|Any CPU
		{BAAE6F98-CC1E-4DE1-950C-92273B58E0DA}.Debug|ARM.ActiveCfg = Debug|Any CPU
		{BAAE6F98-CC1E-4DE1-950C-92273B58E0DA}.Debug|ARM.Build.0 = Debug|Any CPU
		{BAAE6F98-CC1E-4DE1-950C-92273B58E0DA}.Debug|ARM.Deploy.0 = Debug|Any CPU
		{BAAE6F98-CC1E-4DE1-950C-92273B58E0DA}.Debug|iPhone.ActiveCfg = Debug|Any CPU
		{BAAE6F98-CC1E-4DE1-950C-92273B58E0DA}.Debug|iPhone.Build.0 = Debug|Any CPU
		{BAAE6F98-CC1E-4DE1-950C-92273B58E0DA}.Debug|iPhone.Deploy.0 = Debug|Any CPU
		{BAAE6F98-CC1E-4DE1-950C-92273B58E0DA}.Debug|iPhoneSimulator.ActiveCfg = Debug|Any CPU
		{BAAE6F98-CC1E-4DE1-950C-92273B58E0DA}.Debug|iPhoneSimulator.Build.0 = Debug|Any CPU
		{BAAE6F98-CC1E-4DE1-950C-92273B58E0DA}.Debug|iPhoneSimulator.Deploy.0 = Debug|Any CPU
		{BAAE6F98-CC1E-4DE1-950C-92273B58E0DA}.Debug|x64.ActiveCfg = Debug|Any CPU
		{BAAE6F98-CC1E-4DE1-950C-92273B58E0DA}.Debug|x64.Build.0 = Debug|Any CPU
		{BAAE6F98-CC1E-4DE1-950C-92273B58E0DA}.Debug|x64.Deploy.0 = Debug|Any CPU
		{BAAE6F98-CC1E-4DE1-950C-92273B58E0DA}.Debug|x86.ActiveCfg = Debug|Any CPU
		{BAAE6F98-CC1E-4DE1-950C-92273B58E0DA}.Debug|x86.Build.0 = Debug|Any CPU
		{BAAE6F98-CC1E-4DE1-950C-92273B58E0DA}.Debug|x86.Deploy.0 = Debug|Any CPU
		{BAAE6F98-CC1E-4DE1-950C-92273B58E0DA}.Release|Any CPU.ActiveCfg = Release|Any CPU
		{BAAE6F98-CC1E-4DE1-950C-92273B58E0DA}.Release|Any CPU.Build.0 = Release|Any CPU
		{BAAE6F98-CC1E-4DE1-950C-92273B58E0DA}.Release|Any CPU.Deploy.0 = Release|Any CPU
		{BAAE6F98-CC1E-4DE1-950C-92273B58E0DA}.Release|ARM.ActiveCfg = Release|Any CPU
		{BAAE6F98-CC1E-4DE1-950C-92273B58E0DA}.Release|ARM.Build.0 = Release|Any CPU
		{BAAE6F98-CC1E-4DE1-950C-92273B58E0DA}.Release|ARM.Deploy.0 = Release|Any CPU
		{BAAE6F98-CC1E-4DE1-950C-92273B58E0DA}.Release|iPhone.ActiveCfg = Release|Any CPU
		{BAAE6F98-CC1E-4DE1-950C-92273B58E0DA}.Release|iPhone.Build.0 = Release|Any CPU
		{BAAE6F98-CC1E-4DE1-950C-92273B58E0DA}.Release|iPhone.Deploy.0 = Release|Any CPU
		{BAAE6F98-CC1E-4DE1-950C-92273B58E0DA}.Release|iPhoneSimulator.ActiveCfg = Release|Any CPU
		{BAAE6F98-CC1E-4DE1-950C-92273B58E0DA}.Release|iPhoneSimulator.Build.0 = Release|Any CPU
		{BAAE6F98-CC1E-4DE1-950C-92273B58E0DA}.Release|iPhoneSimulator.Deploy.0 = Release|Any CPU
		{BAAE6F98-CC1E-4DE1-950C-92273B58E0DA}.Release|x64.ActiveCfg = Release|Any CPU
		{BAAE6F98-CC1E-4DE1-950C-92273B58E0DA}.Release|x64.Build.0 = Release|Any CPU
		{BAAE6F98-CC1E-4DE1-950C-92273B58E0DA}.Release|x64.Deploy.0 = Release|Any CPU
		{BAAE6F98-CC1E-4DE1-950C-92273B58E0DA}.Release|x86.ActiveCfg = Release|Any CPU
		{BAAE6F98-CC1E-4DE1-950C-92273B58E0DA}.Release|x86.Build.0 = Release|Any CPU
		{BAAE6F98-CC1E-4DE1-950C-92273B58E0DA}.Release|x86.Deploy.0 = Release|Any CPU
		{62FAFCB0-8FBE-4263-AB2C-79D1C7422B56}.Ad-Hoc|Any CPU.ActiveCfg = Ad-Hoc|iPhone
		{62FAFCB0-8FBE-4263-AB2C-79D1C7422B56}.Ad-Hoc|Any CPU.Build.0 = Ad-Hoc|iPhone
		{62FAFCB0-8FBE-4263-AB2C-79D1C7422B56}.Ad-Hoc|Any CPU.Deploy.0 = Ad-Hoc|iPhone
		{62FAFCB0-8FBE-4263-AB2C-79D1C7422B56}.Ad-Hoc|ARM.ActiveCfg = Ad-Hoc|iPhone
		{62FAFCB0-8FBE-4263-AB2C-79D1C7422B56}.Ad-Hoc|ARM.Build.0 = Ad-Hoc|iPhone
		{62FAFCB0-8FBE-4263-AB2C-79D1C7422B56}.Ad-Hoc|ARM.Deploy.0 = Ad-Hoc|iPhone
		{62FAFCB0-8FBE-4263-AB2C-79D1C7422B56}.Ad-Hoc|iPhone.ActiveCfg = Ad-Hoc|iPhone
		{62FAFCB0-8FBE-4263-AB2C-79D1C7422B56}.Ad-Hoc|iPhone.Build.0 = Ad-Hoc|iPhone
		{62FAFCB0-8FBE-4263-AB2C-79D1C7422B56}.Ad-Hoc|iPhone.Deploy.0 = Ad-Hoc|iPhone
		{62FAFCB0-8FBE-4263-AB2C-79D1C7422B56}.Ad-Hoc|iPhoneSimulator.ActiveCfg = Ad-Hoc|iPhoneSimulator
		{62FAFCB0-8FBE-4263-AB2C-79D1C7422B56}.Ad-Hoc|iPhoneSimulator.Build.0 = Ad-Hoc|iPhoneSimulator
		{62FAFCB0-8FBE-4263-AB2C-79D1C7422B56}.Ad-Hoc|iPhoneSimulator.Deploy.0 = Ad-Hoc|iPhoneSimulator
		{62FAFCB0-8FBE-4263-AB2C-79D1C7422B56}.Ad-Hoc|x64.ActiveCfg = Ad-Hoc|iPhone
		{62FAFCB0-8FBE-4263-AB2C-79D1C7422B56}.Ad-Hoc|x64.Build.0 = Ad-Hoc|iPhone
		{62FAFCB0-8FBE-4263-AB2C-79D1C7422B56}.Ad-Hoc|x64.Deploy.0 = Ad-Hoc|iPhone
		{62FAFCB0-8FBE-4263-AB2C-79D1C7422B56}.Ad-Hoc|x86.ActiveCfg = Ad-Hoc|iPhone
		{62FAFCB0-8FBE-4263-AB2C-79D1C7422B56}.Ad-Hoc|x86.Build.0 = Ad-Hoc|iPhone
		{62FAFCB0-8FBE-4263-AB2C-79D1C7422B56}.Ad-Hoc|x86.Deploy.0 = Ad-Hoc|iPhone
		{62FAFCB0-8FBE-4263-AB2C-79D1C7422B56}.AppStore|Any CPU.ActiveCfg = AppStore|iPhone
		{62FAFCB0-8FBE-4263-AB2C-79D1C7422B56}.AppStore|Any CPU.Build.0 = AppStore|iPhone
		{62FAFCB0-8FBE-4263-AB2C-79D1C7422B56}.AppStore|Any CPU.Deploy.0 = AppStore|iPhone
		{62FAFCB0-8FBE-4263-AB2C-79D1C7422B56}.AppStore|ARM.ActiveCfg = AppStore|iPhone
		{62FAFCB0-8FBE-4263-AB2C-79D1C7422B56}.AppStore|ARM.Build.0 = AppStore|iPhone
		{62FAFCB0-8FBE-4263-AB2C-79D1C7422B56}.AppStore|ARM.Deploy.0 = AppStore|iPhone
		{62FAFCB0-8FBE-4263-AB2C-79D1C7422B56}.AppStore|iPhone.ActiveCfg = AppStore|iPhone
		{62FAFCB0-8FBE-4263-AB2C-79D1C7422B56}.AppStore|iPhone.Build.0 = AppStore|iPhone
		{62FAFCB0-8FBE-4263-AB2C-79D1C7422B56}.AppStore|iPhone.Deploy.0 = AppStore|iPhone
		{62FAFCB0-8FBE-4263-AB2C-79D1C7422B56}.AppStore|iPhoneSimulator.ActiveCfg = AppStore|iPhoneSimulator
		{62FAFCB0-8FBE-4263-AB2C-79D1C7422B56}.AppStore|iPhoneSimulator.Build.0 = AppStore|iPhoneSimulator
		{62FAFCB0-8FBE-4263-AB2C-79D1C7422B56}.AppStore|iPhoneSimulator.Deploy.0 = AppStore|iPhoneSimulator
		{62FAFCB0-8FBE-4263-AB2C-79D1C7422B56}.AppStore|x64.ActiveCfg = AppStore|iPhone
		{62FAFCB0-8FBE-4263-AB2C-79D1C7422B56}.AppStore|x64.Build.0 = AppStore|iPhone
		{62FAFCB0-8FBE-4263-AB2C-79D1C7422B56}.AppStore|x64.Deploy.0 = AppStore|iPhone
		{62FAFCB0-8FBE-4263-AB2C-79D1C7422B56}.AppStore|x86.ActiveCfg = AppStore|iPhone
		{62FAFCB0-8FBE-4263-AB2C-79D1C7422B56}.AppStore|x86.Build.0 = AppStore|iPhone
		{62FAFCB0-8FBE-4263-AB2C-79D1C7422B56}.AppStore|x86.Deploy.0 = AppStore|iPhone
		{62FAFCB0-8FBE-4263-AB2C-79D1C7422B56}.Debug|Any CPU.ActiveCfg = Debug|iPhoneSimulator
		{62FAFCB0-8FBE-4263-AB2C-79D1C7422B56}.Debug|Any CPU.Build.0 = Debug|iPhoneSimulator
		{62FAFCB0-8FBE-4263-AB2C-79D1C7422B56}.Debug|Any CPU.Deploy.0 = Debug|iPhoneSimulator
		{62FAFCB0-8FBE-4263-AB2C-79D1C7422B56}.Debug|ARM.ActiveCfg = Debug|iPhone
		{62FAFCB0-8FBE-4263-AB2C-79D1C7422B56}.Debug|ARM.Build.0 = Debug|iPhone
		{62FAFCB0-8FBE-4263-AB2C-79D1C7422B56}.Debug|ARM.Deploy.0 = Debug|iPhone
		{62FAFCB0-8FBE-4263-AB2C-79D1C7422B56}.Debug|iPhone.ActiveCfg = Debug|iPhone
		{62FAFCB0-8FBE-4263-AB2C-79D1C7422B56}.Debug|iPhone.Build.0 = Debug|iPhone
		{62FAFCB0-8FBE-4263-AB2C-79D1C7422B56}.Debug|iPhone.Deploy.0 = Debug|iPhone
		{62FAFCB0-8FBE-4263-AB2C-79D1C7422B56}.Debug|iPhoneSimulator.ActiveCfg = Debug|iPhoneSimulator
		{62FAFCB0-8FBE-4263-AB2C-79D1C7422B56}.Debug|iPhoneSimulator.Build.0 = Debug|iPhoneSimulator
		{62FAFCB0-8FBE-4263-AB2C-79D1C7422B56}.Debug|iPhoneSimulator.Deploy.0 = Debug|iPhoneSimulator
		{62FAFCB0-8FBE-4263-AB2C-79D1C7422B56}.Debug|x64.ActiveCfg = Debug|iPhone
		{62FAFCB0-8FBE-4263-AB2C-79D1C7422B56}.Debug|x64.Build.0 = Debug|iPhone
		{62FAFCB0-8FBE-4263-AB2C-79D1C7422B56}.Debug|x64.Deploy.0 = Debug|iPhone
		{62FAFCB0-8FBE-4263-AB2C-79D1C7422B56}.Debug|x86.ActiveCfg = Debug|iPhone
		{62FAFCB0-8FBE-4263-AB2C-79D1C7422B56}.Debug|x86.Build.0 = Debug|iPhone
		{62FAFCB0-8FBE-4263-AB2C-79D1C7422B56}.Debug|x86.Deploy.0 = Debug|iPhone
		{62FAFCB0-8FBE-4263-AB2C-79D1C7422B56}.Release|Any CPU.ActiveCfg = Release|iPhone
		{62FAFCB0-8FBE-4263-AB2C-79D1C7422B56}.Release|Any CPU.Build.0 = Release|iPhone
		{62FAFCB0-8FBE-4263-AB2C-79D1C7422B56}.Release|Any CPU.Deploy.0 = Release|iPhone
		{62FAFCB0-8FBE-4263-AB2C-79D1C7422B56}.Release|ARM.ActiveCfg = Release|iPhone
		{62FAFCB0-8FBE-4263-AB2C-79D1C7422B56}.Release|ARM.Build.0 = Release|iPhone
		{62FAFCB0-8FBE-4263-AB2C-79D1C7422B56}.Release|ARM.Deploy.0 = Release|iPhone
		{62FAFCB0-8FBE-4263-AB2C-79D1C7422B56}.Release|iPhone.ActiveCfg = Release|iPhone
		{62FAFCB0-8FBE-4263-AB2C-79D1C7422B56}.Release|iPhone.Build.0 = Release|iPhone
		{62FAFCB0-8FBE-4263-AB2C-79D1C7422B56}.Release|iPhone.Deploy.0 = Release|iPhone
		{62FAFCB0-8FBE-4263-AB2C-79D1C7422B56}.Release|iPhoneSimulator.ActiveCfg = Release|iPhoneSimulator
		{62FAFCB0-8FBE-4263-AB2C-79D1C7422B56}.Release|iPhoneSimulator.Build.0 = Release|iPhoneSimulator
		{62FAFCB0-8FBE-4263-AB2C-79D1C7422B56}.Release|iPhoneSimulator.Deploy.0 = Release|iPhoneSimulator
		{62FAFCB0-8FBE-4263-AB2C-79D1C7422B56}.Release|x64.ActiveCfg = Release|iPhone
		{62FAFCB0-8FBE-4263-AB2C-79D1C7422B56}.Release|x64.Build.0 = Release|iPhone
		{62FAFCB0-8FBE-4263-AB2C-79D1C7422B56}.Release|x64.Deploy.0 = Release|iPhone
		{62FAFCB0-8FBE-4263-AB2C-79D1C7422B56}.Release|x86.ActiveCfg = Release|iPhone
		{62FAFCB0-8FBE-4263-AB2C-79D1C7422B56}.Release|x86.Build.0 = Release|iPhone
		{62FAFCB0-8FBE-4263-AB2C-79D1C7422B56}.Release|x86.Deploy.0 = Release|iPhone
		{A89FD950-318C-4888-BDCB-9986675D8B37}.Ad-Hoc|Any CPU.ActiveCfg = Release|x86
		{A89FD950-318C-4888-BDCB-9986675D8B37}.Ad-Hoc|Any CPU.Build.0 = Release|x86
		{A89FD950-318C-4888-BDCB-9986675D8B37}.Ad-Hoc|Any CPU.Deploy.0 = Release|x86
		{A89FD950-318C-4888-BDCB-9986675D8B37}.Ad-Hoc|ARM.ActiveCfg = Release|ARM
		{A89FD950-318C-4888-BDCB-9986675D8B37}.Ad-Hoc|ARM.Build.0 = Release|ARM
		{A89FD950-318C-4888-BDCB-9986675D8B37}.Ad-Hoc|ARM.Deploy.0 = Release|ARM
		{A89FD950-318C-4888-BDCB-9986675D8B37}.Ad-Hoc|iPhone.ActiveCfg = Release|x86
		{A89FD950-318C-4888-BDCB-9986675D8B37}.Ad-Hoc|iPhone.Build.0 = Release|x86
		{A89FD950-318C-4888-BDCB-9986675D8B37}.Ad-Hoc|iPhone.Deploy.0 = Release|x86
		{A89FD950-318C-4888-BDCB-9986675D8B37}.Ad-Hoc|iPhoneSimulator.ActiveCfg = Release|x86
		{A89FD950-318C-4888-BDCB-9986675D8B37}.Ad-Hoc|iPhoneSimulator.Build.0 = Release|x86
		{A89FD950-318C-4888-BDCB-9986675D8B37}.Ad-Hoc|iPhoneSimulator.Deploy.0 = Release|x86
		{A89FD950-318C-4888-BDCB-9986675D8B37}.Ad-Hoc|x64.ActiveCfg = Release|x64
		{A89FD950-318C-4888-BDCB-9986675D8B37}.Ad-Hoc|x64.Build.0 = Release|x64
		{A89FD950-318C-4888-BDCB-9986675D8B37}.Ad-Hoc|x64.Deploy.0 = Release|x64
		{A89FD950-318C-4888-BDCB-9986675D8B37}.Ad-Hoc|x86.ActiveCfg = Release|x86
		{A89FD950-318C-4888-BDCB-9986675D8B37}.Ad-Hoc|x86.Build.0 = Release|x86
		{A89FD950-318C-4888-BDCB-9986675D8B37}.Ad-Hoc|x86.Deploy.0 = Release|x86
		{A89FD950-318C-4888-BDCB-9986675D8B37}.AppStore|Any CPU.ActiveCfg = Release|x86
		{A89FD950-318C-4888-BDCB-9986675D8B37}.AppStore|Any CPU.Build.0 = Release|x86
		{A89FD950-318C-4888-BDCB-9986675D8B37}.AppStore|Any CPU.Deploy.0 = Release|x86
		{A89FD950-318C-4888-BDCB-9986675D8B37}.AppStore|ARM.ActiveCfg = Release|ARM
		{A89FD950-318C-4888-BDCB-9986675D8B37}.AppStore|ARM.Build.0 = Release|ARM
		{A89FD950-318C-4888-BDCB-9986675D8B37}.AppStore|ARM.Deploy.0 = Release|ARM
		{A89FD950-318C-4888-BDCB-9986675D8B37}.AppStore|iPhone.ActiveCfg = Release|x86
		{A89FD950-318C-4888-BDCB-9986675D8B37}.AppStore|iPhone.Build.0 = Release|x86
		{A89FD950-318C-4888-BDCB-9986675D8B37}.AppStore|iPhone.Deploy.0 = Release|x86
		{A89FD950-318C-4888-BDCB-9986675D8B37}.AppStore|iPhoneSimulator.ActiveCfg = Release|x86
		{A89FD950-318C-4888-BDCB-9986675D8B37}.AppStore|iPhoneSimulator.Build.0 = Release|x86
		{A89FD950-318C-4888-BDCB-9986675D8B37}.AppStore|iPhoneSimulator.Deploy.0 = Release|x86
		{A89FD950-318C-4888-BDCB-9986675D8B37}.AppStore|x64.ActiveCfg = Release|x64
		{A89FD950-318C-4888-BDCB-9986675D8B37}.AppStore|x64.Build.0 = Release|x64
		{A89FD950-318C-4888-BDCB-9986675D8B37}.AppStore|x64.Deploy.0 = Release|x64
		{A89FD950-318C-4888-BDCB-9986675D8B37}.AppStore|x86.ActiveCfg = Release|x86
		{A89FD950-318C-4888-BDCB-9986675D8B37}.AppStore|x86.Build.0 = Release|x86
		{A89FD950-318C-4888-BDCB-9986675D8B37}.AppStore|x86.Deploy.0 = Release|x86
		{A89FD950-318C-4888-BDCB-9986675D8B37}.Debug|Any CPU.ActiveCfg = Debug|x86
		{A89FD950-318C-4888-BDCB-9986675D8B37}.Debug|Any CPU.Build.0 = Debug|x86
		{A89FD950-318C-4888-BDCB-9986675D8B37}.Debug|Any CPU.Deploy.0 = Debug|x86
		{A89FD950-318C-4888-BDCB-9986675D8B37}.Debug|ARM.ActiveCfg = Debug|ARM
		{A89FD950-318C-4888-BDCB-9986675D8B37}.Debug|ARM.Build.0 = Debug|ARM
		{A89FD950-318C-4888-BDCB-9986675D8B37}.Debug|ARM.Deploy.0 = Debug|ARM
		{A89FD950-318C-4888-BDCB-9986675D8B37}.Debug|iPhone.ActiveCfg = Debug|x86
		{A89FD950-318C-4888-BDCB-9986675D8B37}.Debug|iPhone.Build.0 = Debug|x86
		{A89FD950-318C-4888-BDCB-9986675D8B37}.Debug|iPhone.Deploy.0 = Debug|x86
		{A89FD950-318C-4888-BDCB-9986675D8B37}.Debug|iPhoneSimulator.ActiveCfg = Debug|x86
		{A89FD950-318C-4888-BDCB-9986675D8B37}.Debug|iPhoneSimulator.Build.0 = Debug|x86
		{A89FD950-318C-4888-BDCB-9986675D8B37}.Debug|iPhoneSimulator.Deploy.0 = Debug|x86
		{A89FD950-318C-4888-BDCB-9986675D8B37}.Debug|x64.ActiveCfg = Debug|x64
		{A89FD950-318C-4888-BDCB-9986675D8B37}.Debug|x64.Build.0 = Debug|x64
		{A89FD950-318C-4888-BDCB-9986675D8B37}.Debug|x64.Deploy.0 = Debug|x64
		{A89FD950-318C-4888-BDCB-9986675D8B37}.Debug|x86.ActiveCfg = Debug|x86
		{A89FD950-318C-4888-BDCB-9986675D8B37}.Debug|x86.Build.0 = Debug|x86
		{A89FD950-318C-4888-BDCB-9986675D8B37}.Debug|x86.Deploy.0 = Debug|x86
		{A89FD950-318C-4888-BDCB-9986675D8B37}.Release|Any CPU.ActiveCfg = Release|x86
		{A89FD950-318C-4888-BDCB-9986675D8B37}.Release|Any CPU.Build.0 = Release|x86
		{A89FD950-318C-4888-BDCB-9986675D8B37}.Release|Any CPU.Deploy.0 = Release|x86
		{A89FD950-318C-4888-BDCB-9986675D8B37}.Release|ARM.ActiveCfg = Release|ARM
		{A89FD950-318C-4888-BDCB-9986675D8B37}.Release|ARM.Build.0 = Release|ARM
		{A89FD950-318C-4888-BDCB-9986675D8B37}.Release|ARM.Deploy.0 = Release|ARM
		{A89FD950-318C-4888-BDCB-9986675D8B37}.Release|iPhone.ActiveCfg = Release|x86
		{A89FD950-318C-4888-BDCB-9986675D8B37}.Release|iPhone.Build.0 = Release|x86
		{A89FD950-318C-4888-BDCB-9986675D8B37}.Release|iPhone.Deploy.0 = Release|x86
		{A89FD950-318C-4888-BDCB-9986675D8B37}.Release|iPhoneSimulator.ActiveCfg = Release|x86
		{A89FD950-318C-4888-BDCB-9986675D8B37}.Release|iPhoneSimulator.Build.0 = Release|x86
		{A89FD950-318C-4888-BDCB-9986675D8B37}.Release|iPhoneSimulator.Deploy.0 = Release|x86
		{A89FD950-318C-4888-BDCB-9986675D8B37}.Release|x64.ActiveCfg = Release|x64
		{A89FD950-318C-4888-BDCB-9986675D8B37}.Release|x64.Build.0 = Release|x64
		{A89FD950-318C-4888-BDCB-9986675D8B37}.Release|x64.Deploy.0 = Release|x64
		{A89FD950-318C-4888-BDCB-9986675D8B37}.Release|x86.ActiveCfg = Release|x86
		{A89FD950-318C-4888-BDCB-9986675D8B37}.Release|x86.Build.0 = Release|x86
		{A89FD950-318C-4888-BDCB-9986675D8B37}.Release|x86.Deploy.0 = Release|x86
		{D9D5A698-85D5-4724-9453-37D87FEBEF68}.Ad-Hoc|Any CPU.ActiveCfg = Debug|Any CPU
		{D9D5A698-85D5-4724-9453-37D87FEBEF68}.Ad-Hoc|Any CPU.Build.0 = Debug|Any CPU
		{D9D5A698-85D5-4724-9453-37D87FEBEF68}.Ad-Hoc|Any CPU.Deploy.0 = Debug|Any CPU
		{D9D5A698-85D5-4724-9453-37D87FEBEF68}.Ad-Hoc|ARM.ActiveCfg = Debug|Any CPU
		{D9D5A698-85D5-4724-9453-37D87FEBEF68}.Ad-Hoc|ARM.Build.0 = Debug|Any CPU
		{D9D5A698-85D5-4724-9453-37D87FEBEF68}.Ad-Hoc|ARM.Deploy.0 = Debug|Any CPU
		{D9D5A698-85D5-4724-9453-37D87FEBEF68}.Ad-Hoc|iPhone.ActiveCfg = Debug|Any CPU
		{D9D5A698-85D5-4724-9453-37D87FEBEF68}.Ad-Hoc|iPhone.Build.0 = Debug|Any CPU
		{D9D5A698-85D5-4724-9453-37D87FEBEF68}.Ad-Hoc|iPhone.Deploy.0 = Debug|Any CPU
		{D9D5A698-85D5-4724-9453-37D87FEBEF68}.Ad-Hoc|iPhoneSimulator.ActiveCfg = Debug|Any CPU
		{D9D5A698-85D5-4724-9453-37D87FEBEF68}.Ad-Hoc|iPhoneSimulator.Build.0 = Debug|Any CPU
		{D9D5A698-85D5-4724-9453-37D87FEBEF68}.Ad-Hoc|iPhoneSimulator.Deploy.0 = Debug|Any CPU
		{D9D5A698-85D5-4724-9453-37D87FEBEF68}.Ad-Hoc|x64.ActiveCfg = Debug|Any CPU
		{D9D5A698-85D5-4724-9453-37D87FEBEF68}.Ad-Hoc|x64.Build.0 = Debug|Any CPU
		{D9D5A698-85D5-4724-9453-37D87FEBEF68}.Ad-Hoc|x64.Deploy.0 = Debug|Any CPU
		{D9D5A698-85D5-4724-9453-37D87FEBEF68}.Ad-Hoc|x86.ActiveCfg = Debug|Any CPU
		{D9D5A698-85D5-4724-9453-37D87FEBEF68}.Ad-Hoc|x86.Build.0 = Debug|Any CPU
		{D9D5A698-85D5-4724-9453-37D87FEBEF68}.Ad-Hoc|x86.Deploy.0 = Debug|Any CPU
		{D9D5A698-85D5-4724-9453-37D87FEBEF68}.AppStore|Any CPU.ActiveCfg = Debug|Any CPU
		{D9D5A698-85D5-4724-9453-37D87FEBEF68}.AppStore|Any CPU.Build.0 = Debug|Any CPU
		{D9D5A698-85D5-4724-9453-37D87FEBEF68}.AppStore|Any CPU.Deploy.0 = Debug|Any CPU
		{D9D5A698-85D5-4724-9453-37D87FEBEF68}.AppStore|ARM.ActiveCfg = Debug|Any CPU
		{D9D5A698-85D5-4724-9453-37D87FEBEF68}.AppStore|ARM.Build.0 = Debug|Any CPU
		{D9D5A698-85D5-4724-9453-37D87FEBEF68}.AppStore|ARM.Deploy.0 = Debug|Any CPU
		{D9D5A698-85D5-4724-9453-37D87FEBEF68}.AppStore|iPhone.ActiveCfg = Debug|Any CPU
		{D9D5A698-85D5-4724-9453-37D87FEBEF68}.AppStore|iPhone.Build.0 = Debug|Any CPU
		{D9D5A698-85D5-4724-9453-37D87FEBEF68}.AppStore|iPhone.Deploy.0 = Debug|Any CPU
		{D9D5A698-85D5-4724-9453-37D87FEBEF68}.AppStore|iPhoneSimulator.ActiveCfg = Debug|Any CPU
		{D9D5A698-85D5-4724-9453-37D87FEBEF68}.AppStore|iPhoneSimulator.Build.0 = Debug|Any CPU
		{D9D5A698-85D5-4724-9453-37D87FEBEF68}.AppStore|iPhoneSimulator.Deploy.0 = Debug|Any CPU
		{D9D5A698-85D5-4724-9453-37D87FEBEF68}.AppStore|x64.ActiveCfg = Debug|Any CPU
		{D9D5A698-85D5-4724-9453-37D87FEBEF68}.AppStore|x64.Build.0 = Debug|Any CPU
		{D9D5A698-85D5-4724-9453-37D87FEBEF68}.AppStore|x64.Deploy.0 = Debug|Any CPU
		{D9D5A698-85D5-4724-9453-37D87FEBEF68}.AppStore|x86.ActiveCfg = Debug|Any CPU
		{D9D5A698-85D5-4724-9453-37D87FEBEF68}.AppStore|x86.Build.0 = Debug|Any CPU
		{D9D5A698-85D5-4724-9453-37D87FEBEF68}.AppStore|x86.Deploy.0 = Debug|Any CPU
		{D9D5A698-85D5-4724-9453-37D87FEBEF68}.Debug|Any CPU.ActiveCfg = Debug|Any CPU
		{D9D5A698-85D5-4724-9453-37D87FEBEF68}.Debug|Any CPU.Build.0 = Debug|Any CPU
		{D9D5A698-85D5-4724-9453-37D87FEBEF68}.Debug|Any CPU.Deploy.0 = Debug|Any CPU
		{D9D5A698-85D5-4724-9453-37D87FEBEF68}.Debug|ARM.ActiveCfg = Debug|Any CPU
		{D9D5A698-85D5-4724-9453-37D87FEBEF68}.Debug|ARM.Build.0 = Debug|Any CPU
		{D9D5A698-85D5-4724-9453-37D87FEBEF68}.Debug|ARM.Deploy.0 = Debug|Any CPU
		{D9D5A698-85D5-4724-9453-37D87FEBEF68}.Debug|iPhone.ActiveCfg = Debug|Any CPU
		{D9D5A698-85D5-4724-9453-37D87FEBEF68}.Debug|iPhone.Build.0 = Debug|Any CPU
		{D9D5A698-85D5-4724-9453-37D87FEBEF68}.Debug|iPhone.Deploy.0 = Debug|Any CPU
		{D9D5A698-85D5-4724-9453-37D87FEBEF68}.Debug|iPhoneSimulator.ActiveCfg = Debug|Any CPU
		{D9D5A698-85D5-4724-9453-37D87FEBEF68}.Debug|iPhoneSimulator.Build.0 = Debug|Any CPU
		{D9D5A698-85D5-4724-9453-37D87FEBEF68}.Debug|iPhoneSimulator.Deploy.0 = Debug|Any CPU
		{D9D5A698-85D5-4724-9453-37D87FEBEF68}.Debug|x64.ActiveCfg = Debug|Any CPU
		{D9D5A698-85D5-4724-9453-37D87FEBEF68}.Debug|x64.Build.0 = Debug|Any CPU
		{D9D5A698-85D5-4724-9453-37D87FEBEF68}.Debug|x64.Deploy.0 = Debug|Any CPU
		{D9D5A698-85D5-4724-9453-37D87FEBEF68}.Debug|x86.ActiveCfg = Debug|Any CPU
		{D9D5A698-85D5-4724-9453-37D87FEBEF68}.Debug|x86.Build.0 = Debug|Any CPU
		{D9D5A698-85D5-4724-9453-37D87FEBEF68}.Debug|x86.Deploy.0 = Debug|Any CPU
		{D9D5A698-85D5-4724-9453-37D87FEBEF68}.Release|Any CPU.ActiveCfg = Release|Any CPU
		{D9D5A698-85D5-4724-9453-37D87FEBEF68}.Release|Any CPU.Build.0 = Release|Any CPU
		{D9D5A698-85D5-4724-9453-37D87FEBEF68}.Release|Any CPU.Deploy.0 = Release|Any CPU
		{D9D5A698-85D5-4724-9453-37D87FEBEF68}.Release|ARM.ActiveCfg = Release|Any CPU
		{D9D5A698-85D5-4724-9453-37D87FEBEF68}.Release|ARM.Build.0 = Release|Any CPU
		{D9D5A698-85D5-4724-9453-37D87FEBEF68}.Release|ARM.Deploy.0 = Release|Any CPU
		{D9D5A698-85D5-4724-9453-37D87FEBEF68}.Release|iPhone.ActiveCfg = Release|Any CPU
		{D9D5A698-85D5-4724-9453-37D87FEBEF68}.Release|iPhone.Build.0 = Release|Any CPU
		{D9D5A698-85D5-4724-9453-37D87FEBEF68}.Release|iPhone.Deploy.0 = Release|Any CPU
		{D9D5A698-85D5-4724-9453-37D87FEBEF68}.Release|iPhoneSimulator.ActiveCfg = Release|Any CPU
		{D9D5A698-85D5-4724-9453-37D87FEBEF68}.Release|iPhoneSimulator.Build.0 = Release|Any CPU
		{D9D5A698-85D5-4724-9453-37D87FEBEF68}.Release|iPhoneSimulator.Deploy.0 = Release|Any CPU
		{D9D5A698-85D5-4724-9453-37D87FEBEF68}.Release|x64.ActiveCfg = Release|Any CPU
		{D9D5A698-85D5-4724-9453-37D87FEBEF68}.Release|x64.Build.0 = Release|Any CPU
		{D9D5A698-85D5-4724-9453-37D87FEBEF68}.Release|x64.Deploy.0 = Release|Any CPU
		{D9D5A698-85D5-4724-9453-37D87FEBEF68}.Release|x86.ActiveCfg = Release|Any CPU
		{D9D5A698-85D5-4724-9453-37D87FEBEF68}.Release|x86.Build.0 = Release|Any CPU
		{D9D5A698-85D5-4724-9453-37D87FEBEF68}.Release|x86.Deploy.0 = Release|Any CPU
	EndGlobalSection
	GlobalSection(SolutionProperties) = preSolution
		HideSolutionNode = FALSE
	EndGlobalSection
	GlobalSection(ExtensibilityGlobals) = postSolution
		SolutionGuid = {8D93AD30-40D2-420F-A06B-F1587E863B9C}
	EndGlobalSection
EndGlobal
